# THIS IS AN AUTOGENERATED FILE. DO NOT EDIT THIS FILE DIRECTLY.
# yarn lockfile v1


"@zio.dev/zio-constraintless@0.3.1":
  version "0.3.1"
  resolved "https://registry.yarnpkg.com/@zio.dev/zio-constraintless/-/zio-constraintless-0.3.1.tgz#8f5338b69386fb8ea697c36ea614e5f6cd55793c"
  integrity sha512-HVAVyy24WLrdZD+kO3j4RVc8pTrS49Sp22l0UGW/utJxg4UGCmYOtk5rF5/GORn0liYKTAHqBDRWRwHr5x0agA==
